
Microsoft Visual Studio Solution File, Format Version 12.00
# Visual Studio Version 17
VisualStudioVersion = 17.9.34902.65
MinimumVisualStudioVersion = 10.0.40219.1
Project("{2150E333-8FDC-42A3-9474-1A3956D46DE8}") = "10.Transversal", "10.Transversal", "{A3B5B301-1DC5-4D5A-876D-D6E314E51658}"
EndProject
Project("{2150E333-8FDC-42A3-9474-1A3956D46DE8}") = "20.Dominio", "20.Dominio", "{8D2260F4-3852-40E7-98D8-90AC993AF5A1}"
EndProject
Project("{2150E333-8FDC-42A3-9474-1A3956D46DE8}") = "30.Infraestructura", "30.Infraestructura", "{EDB711D3-14B4-4EF6-9CF5-441CD7013DBD}"
EndProject
Project("{2150E333-8FDC-42A3-9474-1A3956D46DE8}") = "40.Aplicacion", "40.Aplicacion", "{4CACE858-256A-4504-82BF-C9B3EEDA923A}"
EndProject
Project("{2150E333-8FDC-42A3-9474-1A3956D46DE8}") = "50.Servicio", "50.Servicio", "{2926B035-B176-48CE-B68C-8FA8A869DA97}"
EndProject
Project("{FAE04EC0-301F-11D3-BF4B-00C04F79EFBC}") = "PCM.SIP.ICP.SEG.Transversal.Common", "PCM.SIP.ICP.SEG.Transversal.Common\PCM.SIP.ICP.SEG.Transversal.Common.csproj", "{A1290389-5B9F-47C8-AF85-58F484D3C907}"
EndProject
Project("{FAE04EC0-301F-11D3-BF4B-00C04F79EFBC}") = "PCM.SIP.ICP.SEG.Transversal.Logging", "PCM.SIP.ICP.SEG.Transversal.Logging\PCM.SIP.ICP.SEG.Transversal.Logging.csproj", "{F4AD8DF6-6299-43E2-95E7-D85D310494FB}"
EndProject
Project("{FAE04EC0-301F-11D3-BF4B-00C04F79EFBC}") = "PCM.SIP.ICP.SEG.Transversal.Mapper", "PCM.SIP.ICP.SEG.Transversal.Mapper\PCM.SIP.ICP.SEG.Transversal.Mapper.csproj", "{4B8D3330-9801-4B40-B58A-B1ADCEAA6E76}"
EndProject
Project("{FAE04EC0-301F-11D3-BF4B-00C04F79EFBC}") = "PCM.SIP.ICP.SEG.Domain", "PCM.SIP.ICP.SEG.Domain\PCM.SIP.ICP.SEG.Domain.csproj", "{97A7FDB0-DF05-4DE1-8D63-E48B4A5495C6}"
EndProject
Project("{FAE04EC0-301F-11D3-BF4B-00C04F79EFBC}") = "PCM.SIP.ICP.SEG.Infraestructure", "PCM.SIP.ICP.SEG.Infraestructure\PCM.SIP.ICP.SEG.Infraestructure.csproj", "{9D8441A2-D628-46B9-A44E-7B9EBCAB29FB}"
EndProject
Project("{FAE04EC0-301F-11D3-BF4B-00C04F79EFBC}") = "PCM.SIP.ICP.SEG.Persistence", "PCM.SIP.ICP.SEG.Persistence\PCM.SIP.ICP.SEG.Persistence.csproj", "{0DE53402-8F0C-4052-9F32-561B6B0C0168}"
EndProject
Project("{FAE04EC0-301F-11D3-BF4B-00C04F79EFBC}") = "PCM.SIP.ICP.SEG.Aplicacion.Dto", "PCM.SIP.ICP.SEG.Aplicacion.Dto\PCM.SIP.ICP.SEG.Aplicacion.Dto.csproj", "{E50F8932-B1E0-41E9-BDCE-79DBD288DD15}"
EndProject
Project("{FAE04EC0-301F-11D3-BF4B-00C04F79EFBC}") = "PCM.SIP.ICP.SEG.Aplicacion.Features", "PCM.SIP.ICP.SEG.Aplicacion.Features\PCM.SIP.ICP.SEG.Aplicacion.Features.csproj", "{0763BFC4-1E3E-409C-B977-4D453598179E}"
EndProject
Project("{FAE04EC0-301F-11D3-BF4B-00C04F79EFBC}") = "PCM.SIP.ICP.SEG.Aplicacion.Interface", "PCM.SIP.ICP.SEG.Aplicacion.Interface\PCM.SIP.ICP.SEG.Aplicacion.Interface.csproj", "{B55B6C18-D875-465D-9CE4-4045927277BE}"
EndProject
Project("{FAE04EC0-301F-11D3-BF4B-00C04F79EFBC}") = "PCM.SIP.ICP.SEG.Aplicacion.Validator", "PCM.SIP.ICP.SEG.Aplicacion.Validator\PCM.SIP.ICP.SEG.Aplicacion.Validator.csproj", "{D6C54079-7084-430D-87AF-C28509C231D9}"
EndProject
Project("{FAE04EC0-301F-11D3-BF4B-00C04F79EFBC}") = "PCM.SIP.ICP.SEG.Api", "PCM.SIP.ICP.SEG.Api\PCM.SIP.ICP.SEG.Api.csproj", "{F6B959E0-307F-460E-811A-63CB427795F6}"
EndProject
Global
	GlobalSection(SolutionConfigurationPlatforms) = preSolution
		Debug|Any CPU = Debug|Any CPU
		Release|Any CPU = Release|Any CPU
	EndGlobalSection
	GlobalSection(ProjectConfigurationPlatforms) = postSolution
		{A1290389-5B9F-47C8-AF85-58F484D3C907}.Debug|Any CPU.ActiveCfg = Debug|Any CPU
		{A1290389-5B9F-47C8-AF85-58F484D3C907}.Debug|Any CPU.Build.0 = Debug|Any CPU
		{A1290389-5B9F-47C8-AF85-58F484D3C907}.Release|Any CPU.ActiveCfg = Release|Any CPU
		{A1290389-5B9F-47C8-AF85-58F484D3C907}.Release|Any CPU.Build.0 = Release|Any CPU
		{F4AD8DF6-6299-43E2-95E7-D85D310494FB}.Debug|Any CPU.ActiveCfg = Debug|Any CPU
		{F4AD8DF6-6299-43E2-95E7-D85D310494FB}.Debug|Any CPU.Build.0 = Debug|Any CPU
		{F4AD8DF6-6299-43E2-95E7-D85D310494FB}.Release|Any CPU.ActiveCfg = Release|Any CPU
		{F4AD8DF6-6299-43E2-95E7-D85D310494FB}.Release|Any CPU.Build.0 = Release|Any CPU
		{4B8D3330-9801-4B40-B58A-B1ADCEAA6E76}.Debug|Any CPU.ActiveCfg = Debug|Any CPU
		{4B8D3330-9801-4B40-B58A-B1ADCEAA6E76}.Debug|Any CPU.Build.0 = Debug|Any CPU
		{4B8D3330-9801-4B40-B58A-B1ADCEAA6E76}.Release|Any CPU.ActiveCfg = Release|Any CPU
		{4B8D3330-9801-4B40-B58A-B1ADCEAA6E76}.Release|Any CPU.Build.0 = Release|Any CPU
		{97A7FDB0-DF05-4DE1-8D63-E48B4A5495C6}.Debug|Any CPU.ActiveCfg = Debug|Any CPU
		{97A7FDB0-DF05-4DE1-8D63-E48B4A5495C6}.Debug|Any CPU.Build.0 = Debug|Any CPU
		{97A7FDB0-DF05-4DE1-8D63-E48B4A5495C6}.Release|Any CPU.ActiveCfg = Release|Any CPU
		{97A7FDB0-DF05-4DE1-8D63-E48B4A5495C6}.Release|Any CPU.Build.0 = Release|Any CPU
		{9D8441A2-D628-46B9-A44E-7B9EBCAB29FB}.Debug|Any CPU.ActiveCfg = Debug|Any CPU
		{9D8441A2-D628-46B9-A44E-7B9EBCAB29FB}.Debug|Any CPU.Build.0 = Debug|Any CPU
		{9D8441A2-D628-46B9-A44E-7B9EBCAB29FB}.Release|Any CPU.ActiveCfg = Release|Any CPU
		{9D8441A2-D628-46B9-A44E-7B9EBCAB29FB}.Release|Any CPU.Build.0 = Release|Any CPU
		{0DE53402-8F0C-4052-9F32-561B6B0C0168}.Debug|Any CPU.ActiveCfg = Debug|Any CPU
		{0DE53402-8F0C-4052-9F32-561B6B0C0168}.Debug|Any CPU.Build.0 = Debug|Any CPU
		{0DE53402-8F0C-4052-9F32-561B6B0C0168}.Release|Any CPU.ActiveCfg = Release|Any CPU
		{0DE53402-8F0C-4052-9F32-561B6B0C0168}.Release|Any CPU.Build.0 = Release|Any CPU
		{E50F8932-B1E0-41E9-BDCE-79DBD288DD15}.Debug|Any CPU.ActiveCfg = Debug|Any CPU
		{E50F8932-B1E0-41E9-BDCE-79DBD288DD15}.Debug|Any CPU.Build.0 = Debug|Any CPU
		{E50F8932-B1E0-41E9-BDCE-79DBD288DD15}.Release|Any CPU.ActiveCfg = Release|Any CPU
		{E50F8932-B1E0-41E9-BDCE-79DBD288DD15}.Release|Any CPU.Build.0 = Release|Any CPU
		{0763BFC4-1E3E-409C-B977-4D453598179E}.Debug|Any CPU.ActiveCfg = Debug|Any CPU
		{0763BFC4-1E3E-409C-B977-4D453598179E}.Debug|Any CPU.Build.0 = Debug|Any CPU
		{0763BFC4-1E3E-409C-B977-4D453598179E}.Release|Any CPU.ActiveCfg = Release|Any CPU
		{0763BFC4-1E3E-409C-B977-4D453598179E}.Release|Any CPU.Build.0 = Release|Any CPU
		{B55B6C18-D875-465D-9CE4-4045927277BE}.Debug|Any CPU.ActiveCfg = Debug|Any CPU
		{B55B6C18-D875-465D-9CE4-4045927277BE}.Debug|Any CPU.Build.0 = Debug|Any CPU
		{B55B6C18-D875-465D-9CE4-4045927277BE}.Release|Any CPU.ActiveCfg = Release|Any CPU
		{B55B6C18-D875-465D-9CE4-4045927277BE}.Release|Any CPU.Build.0 = Release|Any CPU
		{D6C54079-7084-430D-87AF-C28509C231D9}.Debug|Any CPU.ActiveCfg = Debug|Any CPU
		{D6C54079-7084-430D-87AF-C28509C231D9}.Debug|Any CPU.Build.0 = Debug|Any CPU
		{D6C54079-7084-430D-87AF-C28509C231D9}.Release|Any CPU.ActiveCfg = Release|Any CPU
		{D6C54079-7084-430D-87AF-C28509C231D9}.Release|Any CPU.Build.0 = Release|Any CPU
		{F6B959E0-307F-460E-811A-63CB427795F6}.Debug|Any CPU.ActiveCfg = Debug|Any CPU
		{F6B959E0-307F-460E-811A-63CB427795F6}.Debug|Any CPU.Build.0 = Debug|Any CPU
		{F6B959E0-307F-460E-811A-63CB427795F6}.Release|Any CPU.ActiveCfg = Release|Any CPU
		{F6B959E0-307F-460E-811A-63CB427795F6}.Release|Any CPU.Build.0 = Release|Any CPU
	EndGlobalSection
	GlobalSection(SolutionProperties) = preSolution
		HideSolutionNode = FALSE
	EndGlobalSection
	GlobalSection(NestedProjects) = preSolution
		{A1290389-5B9F-47C8-AF85-58F484D3C907} = {A3B5B301-1DC5-4D5A-876D-D6E314E51658}
		{F4AD8DF6-6299-43E2-95E7-D85D310494FB} = {A3B5B301-1DC5-4D5A-876D-D6E314E51658}
		{4B8D3330-9801-4B40-B58A-B1ADCEAA6E76} = {A3B5B301-1DC5-4D5A-876D-D6E314E51658}
		{97A7FDB0-DF05-4DE1-8D63-E48B4A5495C6} = {8D2260F4-3852-40E7-98D8-90AC993AF5A1}
		{9D8441A2-D628-46B9-A44E-7B9EBCAB29FB} = {EDB711D3-14B4-4EF6-9CF5-441CD7013DBD}
		{0DE53402-8F0C-4052-9F32-561B6B0C0168} = {EDB711D3-14B4-4EF6-9CF5-441CD7013DBD}
		{E50F8932-B1E0-41E9-BDCE-79DBD288DD15} = {4CACE858-256A-4504-82BF-C9B3EEDA923A}
		{0763BFC4-1E3E-409C-B977-4D453598179E} = {4CACE858-256A-4504-82BF-C9B3EEDA923A}
		{B55B6C18-D875-465D-9CE4-4045927277BE} = {4CACE858-256A-4504-82BF-C9B3EEDA923A}
		{D6C54079-7084-430D-87AF-C28509C231D9} = {4CACE858-256A-4504-82BF-C9B3EEDA923A}
		{F6B959E0-307F-460E-811A-63CB427795F6} = {2926B035-B176-48CE-B68C-8FA8A869DA97}
	EndGlobalSection
	GlobalSection(ExtensibilityGlobals) = postSolution
		SolutionGuid = {9AACB570-A77A-41AA-9BFF-79BBEA9F4248}
	EndGlobalSection
EndGlobal
